
Microsoft Visual Studio Solution File, Format Version 12.00
# Visual Studio Version 17
VisualStudioVersion = 17.10.34916.146
MinimumVisualStudioVersion = 10.0.40219.1
Project("{FAE04EC0-301F-11D3-BF4B-00C04F79EFBC}") = "WishboneSlot", "WishboneSlot\WishboneSlot.csproj", "{A0050EC9-43F4-4D7E-9E77-E668D94B50C5}"
EndProject
Global
	GlobalSection(SolutionConfigurationPlatforms) = preSolution
		Debug|Any CPU = Debug|Any CPU
		Release|Any CPU = Release|Any CPU
	EndGlobalSection
	GlobalSection(ProjectConfigurationPlatforms) = postSolution
		{A0050EC9-43F4-4D7E-9E77-E668D94B50C5}.Debug|Any CPU.ActiveCfg = Debug|Any CPU
		{A0050EC9-43F4-4D7E-9E77-E668D94B50C5}.Debug|Any CPU.Build.0 = Debug|Any CPU
		{A0050EC9-43F4-4D7E-9E77-E668D94B50C5}.Release|Any CPU.ActiveCfg = Release|Any CPU
		{A0050EC9-43F4-4D7E-9E77-E668D94B50C5}.Release|Any CPU.Build.0 = Release|Any CPU
	EndGlobalSection
	GlobalSection(SolutionProperties) = preSolution
		HideSolutionNode = FALSE
	EndGlobalSection
	GlobalSection(ExtensibilityGlobals) = postSolution
		SolutionGuid = {4017F6B7-E2F3-4059-841C-59599742300A}
	EndGlobalSection
EndGlobal
